
Microsoft Visual Studio Solution File, Format Version 12.00
# Visual Studio 2012
Project("{FAE04EC0-301F-11D3-BF4B-00C04F79EFBC}") = "DuoVia.MpiVisor", "DuoVia.MpiVisor\DuoVia.MpiVisor.csproj", "{3AEF1F93-3CBC-42C8-BCC5-6D9A56FCAF5D}"
EndProject
Project("{FAE04EC0-301F-11D3-BF4B-00C04F79EFBC}") = "DuoVia.MpiVisor.Server", "DuoVia.MpiVisor.Server\DuoVia.MpiVisor.Server.csproj", "{6A9A6B50-F49E-4B72-A585-5C3A738AAC39}"
EndProject
Project("{2150E333-8FDC-42A3-9474-1A3956D46DE8}") = "~Tests", "~Tests", "{8A1DE554-FE10-48E3-93B5-5F1BEDB174B2}"
EndProject
Project("{FAE04EC0-301F-11D3-BF4B-00C04F79EFBC}") = "DuoViaTestAgent", "DuoVia.MpiVisorTests\DuoViaTestAgent\DuoViaTestAgent.csproj", "{8C077962-4E7B-4DC2-8447-C76CC350F9AD}"
EndProject
Project("{2150E333-8FDC-42A3-9474-1A3956D46DE8}") = ".nuget", ".nuget", "{F31B5C13-401B-42BE-8014-6D3F270559A7}"
	ProjectSection(SolutionItems) = preProject
		.nuget\NuGet.Config = .nuget\NuGet.Config
		.nuget\NuGet.exe = .nuget\NuGet.exe
		.nuget\NuGet.targets = .nuget\NuGet.targets
	EndProjectSection
EndProject
Project("{FAE04EC0-301F-11D3-BF4B-00C04F79EFBC}") = "FindMyPrimes", "DuoVia.MpiVisorTests\FindMyPrimes\FindMyPrimes.csproj", "{E7023542-2127-42A3-BE6F-3A56DFBAAC8C}"
EndProject
Project("{FAE04EC0-301F-11D3-BF4B-00C04F79EFBC}") = "DuoVia.MpiVisor.Tests", "DuoVia.MpiVisor.Tests\DuoVia.MpiVisor.Tests.csproj", "{4D97183D-9563-4A39-B544-A7EE4F5C32B6}"
EndProject
Project("{2150E333-8FDC-42A3-9474-1A3956D46DE8}") = "~Examples", "~Examples", "{AFE955B1-AB1E-4A72-A5ED-502D71295F31}"
EndProject
Project("{2150E333-8FDC-42A3-9474-1A3956D46DE8}") = "Integration", "Integration", "{BB402A97-F36A-4914-A7F8-0D2074DB32DE}"
EndProject
Project("{2150E333-8FDC-42A3-9474-1A3956D46DE8}") = "Unit", "Unit", "{72465050-E3DE-4A26-A8DE-A42C43DD5005}"
EndProject
Project("{FAE04EC0-301F-11D3-BF4B-00C04F79EFBC}") = "DuoVia.MpiVisor.UnitTests", "DuoVia.MpiVisor.UnitTests\DuoVia.MpiVisor.UnitTests.csproj", "{E2166CA6-A359-4803-9F3F-AEAFD54DDF0A}"
EndProject
Project("{FAE04EC0-301F-11D3-BF4B-00C04F79EFBC}") = "DuoVia.MpiVisor.Server.UnitTests", "DuoVia.MpiVisor.Server.UnitTests\DuoVia.MpiVisor.Server.UnitTests.csproj", "{ADDD0A5E-AC95-4810-8CAD-75558613D07A}"
EndProject
Project("{2150E333-8FDC-42A3-9474-1A3956D46DE8}") = "~Docs", "~Docs", "{95EF19CD-6504-444D-9ED7-EEC10DD65AD2}"
	ProjectSection(SolutionItems) = preProject
		DuoVia.MpiVisor.CodeMap.dgml = DuoVia.MpiVisor.CodeMap.dgml
		DuoVia.MpiVisor.Server.CodeMap.dgml = DuoVia.MpiVisor.Server.CodeMap.dgml
		License.txt = License.txt
		..\..\README.md = ..\..\README.md
	EndProjectSection
EndProject
Project("{FAE04EC0-301F-11D3-BF4B-00C04F79EFBC}") = "DuoVia.MpiVisor.Server.Tests", "DuoVia.MpiVisor.Server.Tests\DuoVia.MpiVisor.Server.Tests.csproj", "{D91B6A90-C762-4EEE-8484-F0A17E772E1F}"
EndProject
Project("{FAE04EC0-301F-11D3-BF4B-00C04F79EFBC}") = "DuoVia.MpiVisor.Management", "DuoVia.MpiVisor.Management\DuoVia.MpiVisor.Management.csproj", "{A4CA210E-6ACA-4DED-BF6D-AF5161D8C682}"
EndProject
Project("{FAE04EC0-301F-11D3-BF4B-00C04F79EFBC}") = "mpiv", "mpiv\mpiv.csproj", "{A0D4CA12-80AC-4871-BD06-181C21600032}"
EndProject
Project("{FAE04EC0-301F-11D3-BF4B-00C04F79EFBC}") = "mpivtest", "mpivtest\mpivtest.csproj", "{2E59F519-EBC5-4267-8D55-212B6B65E7F2}"
EndProject
Global
	GlobalSection(SolutionConfigurationPlatforms) = preSolution
		Debug|Any CPU = Debug|Any CPU
		Release|Any CPU = Release|Any CPU
	EndGlobalSection
	GlobalSection(ProjectConfigurationPlatforms) = postSolution
		{3AEF1F93-3CBC-42C8-BCC5-6D9A56FCAF5D}.Debug|Any CPU.ActiveCfg = Debug|Any CPU
		{3AEF1F93-3CBC-42C8-BCC5-6D9A56FCAF5D}.Debug|Any CPU.Build.0 = Debug|Any CPU
		{3AEF1F93-3CBC-42C8-BCC5-6D9A56FCAF5D}.Release|Any CPU.ActiveCfg = Release|Any CPU
		{3AEF1F93-3CBC-42C8-BCC5-6D9A56FCAF5D}.Release|Any CPU.Build.0 = Release|Any CPU
		{6A9A6B50-F49E-4B72-A585-5C3A738AAC39}.Debug|Any CPU.ActiveCfg = Debug|Any CPU
		{6A9A6B50-F49E-4B72-A585-5C3A738AAC39}.Debug|Any CPU.Build.0 = Debug|Any CPU
		{6A9A6B50-F49E-4B72-A585-5C3A738AAC39}.Release|Any CPU.ActiveCfg = Release|Any CPU
		{6A9A6B50-F49E-4B72-A585-5C3A738AAC39}.Release|Any CPU.Build.0 = Release|Any CPU
		{8C077962-4E7B-4DC2-8447-C76CC350F9AD}.Debug|Any CPU.ActiveCfg = Debug|Any CPU
		{8C077962-4E7B-4DC2-8447-C76CC350F9AD}.Debug|Any CPU.Build.0 = Debug|Any CPU
		{8C077962-4E7B-4DC2-8447-C76CC350F9AD}.Release|Any CPU.ActiveCfg = Release|Any CPU
		{8C077962-4E7B-4DC2-8447-C76CC350F9AD}.Release|Any CPU.Build.0 = Release|Any CPU
		{E7023542-2127-42A3-BE6F-3A56DFBAAC8C}.Debug|Any CPU.ActiveCfg = Debug|Any CPU
		{E7023542-2127-42A3-BE6F-3A56DFBAAC8C}.Debug|Any CPU.Build.0 = Debug|Any CPU
		{E7023542-2127-42A3-BE6F-3A56DFBAAC8C}.Release|Any CPU.ActiveCfg = Release|Any CPU
		{E7023542-2127-42A3-BE6F-3A56DFBAAC8C}.Release|Any CPU.Build.0 = Release|Any CPU
		{4D97183D-9563-4A39-B544-A7EE4F5C32B6}.Debug|Any CPU.ActiveCfg = Debug|Any CPU
		{4D97183D-9563-4A39-B544-A7EE4F5C32B6}.Debug|Any CPU.Build.0 = Debug|Any CPU
		{4D97183D-9563-4A39-B544-A7EE4F5C32B6}.Release|Any CPU.ActiveCfg = Release|Any CPU
		{4D97183D-9563-4A39-B544-A7EE4F5C32B6}.Release|Any CPU.Build.0 = Release|Any CPU
		{E2166CA6-A359-4803-9F3F-AEAFD54DDF0A}.Debug|Any CPU.ActiveCfg = Debug|Any CPU
		{E2166CA6-A359-4803-9F3F-AEAFD54DDF0A}.Debug|Any CPU.Build.0 = Debug|Any CPU
		{E2166CA6-A359-4803-9F3F-AEAFD54DDF0A}.Release|Any CPU.ActiveCfg = Release|Any CPU
		{E2166CA6-A359-4803-9F3F-AEAFD54DDF0A}.Release|Any CPU.Build.0 = Release|Any CPU
		{ADDD0A5E-AC95-4810-8CAD-75558613D07A}.Debug|Any CPU.ActiveCfg = Debug|Any CPU
		{ADDD0A5E-AC95-4810-8CAD-75558613D07A}.Debug|Any CPU.Build.0 = Debug|Any CPU
		{ADDD0A5E-AC95-4810-8CAD-75558613D07A}.Release|Any CPU.ActiveCfg = Release|Any CPU
		{ADDD0A5E-AC95-4810-8CAD-75558613D07A}.Release|Any CPU.Build.0 = Release|Any CPU
		{D91B6A90-C762-4EEE-8484-F0A17E772E1F}.Debug|Any CPU.ActiveCfg = Debug|Any CPU
		{D91B6A90-C762-4EEE-8484-F0A17E772E1F}.Debug|Any CPU.Build.0 = Debug|Any CPU
		{D91B6A90-C762-4EEE-8484-F0A17E772E1F}.Release|Any CPU.ActiveCfg = Release|Any CPU
		{D91B6A90-C762-4EEE-8484-F0A17E772E1F}.Release|Any CPU.Build.0 = Release|Any CPU
		{A4CA210E-6ACA-4DED-BF6D-AF5161D8C682}.Debug|Any CPU.ActiveCfg = Debug|Any CPU
		{A4CA210E-6ACA-4DED-BF6D-AF5161D8C682}.Debug|Any CPU.Build.0 = Debug|Any CPU
		{A4CA210E-6ACA-4DED-BF6D-AF5161D8C682}.Release|Any CPU.ActiveCfg = Release|Any CPU
		{A4CA210E-6ACA-4DED-BF6D-AF5161D8C682}.Release|Any CPU.Build.0 = Release|Any CPU
		{A0D4CA12-80AC-4871-BD06-181C21600032}.Debug|Any CPU.ActiveCfg = Debug|Any CPU
		{A0D4CA12-80AC-4871-BD06-181C21600032}.Debug|Any CPU.Build.0 = Debug|Any CPU
		{A0D4CA12-80AC-4871-BD06-181C21600032}.Release|Any CPU.ActiveCfg = Release|Any CPU
		{A0D4CA12-80AC-4871-BD06-181C21600032}.Release|Any CPU.Build.0 = Release|Any CPU
		{2E59F519-EBC5-4267-8D55-212B6B65E7F2}.Debug|Any CPU.ActiveCfg = Debug|Any CPU
		{2E59F519-EBC5-4267-8D55-212B6B65E7F2}.Debug|Any CPU.Build.0 = Debug|Any CPU
		{2E59F519-EBC5-4267-8D55-212B6B65E7F2}.Release|Any CPU.ActiveCfg = Release|Any CPU
		{2E59F519-EBC5-4267-8D55-212B6B65E7F2}.Release|Any CPU.Build.0 = Release|Any CPU
	EndGlobalSection
	GlobalSection(SolutionProperties) = preSolution
		HideSolutionNode = FALSE
	EndGlobalSection
	GlobalSection(NestedProjects) = preSolution
		{BB402A97-F36A-4914-A7F8-0D2074DB32DE} = {8A1DE554-FE10-48E3-93B5-5F1BEDB174B2}
		{72465050-E3DE-4A26-A8DE-A42C43DD5005} = {8A1DE554-FE10-48E3-93B5-5F1BEDB174B2}
		{E7023542-2127-42A3-BE6F-3A56DFBAAC8C} = {AFE955B1-AB1E-4A72-A5ED-502D71295F31}
		{8C077962-4E7B-4DC2-8447-C76CC350F9AD} = {AFE955B1-AB1E-4A72-A5ED-502D71295F31}
		{4D97183D-9563-4A39-B544-A7EE4F5C32B6} = {BB402A97-F36A-4914-A7F8-0D2074DB32DE}
		{D91B6A90-C762-4EEE-8484-F0A17E772E1F} = {BB402A97-F36A-4914-A7F8-0D2074DB32DE}
		{2E59F519-EBC5-4267-8D55-212B6B65E7F2} = {BB402A97-F36A-4914-A7F8-0D2074DB32DE}
		{E2166CA6-A359-4803-9F3F-AEAFD54DDF0A} = {72465050-E3DE-4A26-A8DE-A42C43DD5005}
		{ADDD0A5E-AC95-4810-8CAD-75558613D07A} = {72465050-E3DE-4A26-A8DE-A42C43DD5005}
	EndGlobalSection
EndGlobal
